
Microsoft Visual Studio Solution File, Format Version 12.00
# Visual Studio Version 17
VisualStudioVersion = 17.11.35327.3
MinimumVisualStudioVersion = 10.0.40219.1
Project("{FAE04EC0-301F-11D3-BF4B-00C04F79EFBC}") = "admin", "admin.csproj", "{60A73FF7-5372-4FF0-B5ED-91558D03CE3C}"
EndProject
Global
	GlobalSection(SolutionConfigurationPlatforms) = preSolution
		Debug|Any CPU = Debug|Any CPU
		Release|Any CPU = Release|Any CPU
	EndGlobalSection
	GlobalSection(ProjectConfigurationPlatforms) = postSolution
		{60A73FF7-5372-4FF0-B5ED-91558D03CE3C}.Debug|Any CPU.ActiveCfg = Debug|Any CPU
		{60A73FF7-5372-4FF0-B5ED-91558D03CE3C}.Debug|Any CPU.Build.0 = Debug|Any CPU
		{60A73FF7-5372-4FF0-B5ED-91558D03CE3C}.Release|Any CPU.ActiveCfg = Release|Any CPU
		{60A73FF7-5372-4FF0-B5ED-91558D03CE3C}.Release|Any CPU.Build.0 = Release|Any CPU
	EndGlobalSection
	GlobalSection(SolutionProperties) = preSolution
		HideSolutionNode = FALSE
	EndGlobalSection
	GlobalSection(ExtensibilityGlobals) = postSolution
		SolutionGuid = {177ED50F-6651-46FF-BB0F-A23A0CF7A25F}
	EndGlobalSection
EndGlobal
